
Microsoft Visual Studio Solution File, Format Version 12.00
# Visual Studio Version 17
VisualStudioVersion = 17.11.35327.3
MinimumVisualStudioVersion = 10.0.40219.1
Project("{9A19103F-16F7-4668-BE54-9A1E7A4F7556}") = "AdventOfCode.Day01", "AdventOfCode.Day01\AdventOfCode.Day01.csproj", "{D2E77E3A-C764-4096-B276-B1C8626CB2AF}"
EndProject
Project("{2150E333-8FDC-42A3-9474-1A3956D46DE8}") = "AdventOfCode.Data", "AdventOfCode.Data", "{D44FBD1A-AB61-496B-8704-1C79B484B86C}"
EndProject
Project("{2150E333-8FDC-42A3-9474-1A3956D46DE8}") = "Day01", "Day01", "{B639E4EA-5470-4CF7-B739-BE831DD92F6D}"
	ProjectSection(SolutionItems) = preProject
		AdventOfCode.Data\day01\input.txt = AdventOfCode.Data\day01\input.txt
	EndProjectSection
EndProject
Project("{9A19103F-16F7-4668-BE54-9A1E7A4F7556}") = "AdventOfCode.Core", "AdventOfCode.Core\AdventOfCode.Core.csproj", "{BE7A7238-7B09-4A9D-91BC-DD90046E6602}"
EndProject
Project("{2150E333-8FDC-42A3-9474-1A3956D46DE8}") = "Solution Items", "Solution Items", "{B84E23F7-AC49-4476-813B-0E3EEE50EF72}"
	ProjectSection(SolutionItems) = preProject
		.gitignore = .gitignore
		.gitmodules = .gitmodules
		README.md = README.md
	EndProjectSection
EndProject
Project("{2150E333-8FDC-42A3-9474-1A3956D46DE8}") = "Day02", "Day02", "{6607252A-90CC-4BAD-A1BD-C0B43D5CD0E1}"
	ProjectSection(SolutionItems) = preProject
		AdventOfCode.Data\day02\input.txt = AdventOfCode.Data\day02\input.txt
	EndProjectSection
EndProject
Project("{9A19103F-16F7-4668-BE54-9A1E7A4F7556}") = "AdventOfCode.Day02", "AdventOfCode.Day02\AdventOfCode.Day02.csproj", "{680EFB5F-C497-4B30-B1EA-3427C787E37C}"
EndProject
Project("{2150E333-8FDC-42A3-9474-1A3956D46DE8}") = "Day03", "Day03", "{2AFD8E39-418F-4930-ADFA-396CC02DD152}"
	ProjectSection(SolutionItems) = preProject
		AdventOfCode.Data\day03\input.txt = AdventOfCode.Data\day03\input.txt
	EndProjectSection
EndProject
Project("{9A19103F-16F7-4668-BE54-9A1E7A4F7556}") = "AdventOfCode.Day03", "AdventOfCode.Day03\AdventOfCode.Day03.csproj", "{A3DDF89D-B951-4080-B2EF-E0AC20C9A0D4}"
EndProject
Project("{9A19103F-16F7-4668-BE54-9A1E7A4F7556}") = "AdventOfCode.Day04", "AdventOfCode.Day04\AdventOfCode.Day04.csproj", "{EE1C6A42-D46F-4B48-9BD5-A67FFAB3F1A7}"
EndProject
Project("{2150E333-8FDC-42A3-9474-1A3956D46DE8}") = "Day04", "Day04", "{75063F2C-410E-45A8-9F9F-863DF7EB42FE}"
	ProjectSection(SolutionItems) = preProject
		AdventOfCode.Data\day04\input.txt = AdventOfCode.Data\day04\input.txt
		AdventOfCode.Data\day04\test.txt = AdventOfCode.Data\day04\test.txt
	EndProjectSection
EndProject
Project("{2150E333-8FDC-42A3-9474-1A3956D46DE8}") = "Day05", "Day05", "{309FE90A-E3AC-455D-9FCC-744B9B35F8EE}"
	ProjectSection(SolutionItems) = preProject
		AdventOfCode.Data\day05\input.txt = AdventOfCode.Data\day05\input.txt
		AdventOfCode.Data\day05\test.txt = AdventOfCode.Data\day05\test.txt
	EndProjectSection
EndProject
Project("{9A19103F-16F7-4668-BE54-9A1E7A4F7556}") = "AdventOfCode.Day05", "AdventOfCode.Day05\AdventOfCode.Day05.csproj", "{4A61BBA7-FD2B-4299-99FC-4FED331F2A41}"
EndProject
Project("{9A19103F-16F7-4668-BE54-9A1E7A4F7556}") = "AdventOfCode.Day06", "AdventOfCode.Day06\AdventOfCode.Day06.csproj", "{38670952-6F4E-4B9C-8213-51171DC947F0}"
EndProject
Project("{2150E333-8FDC-42A3-9474-1A3956D46DE8}") = "Day06", "Day06", "{3E877045-C755-4CA9-9ED2-A8378B60CA66}"
	ProjectSection(SolutionItems) = preProject
		AdventOfCode.Data\day06\input.txt = AdventOfCode.Data\day06\input.txt
	EndProjectSection
EndProject
Project("{2150E333-8FDC-42A3-9474-1A3956D46DE8}") = "Day07", "Day07", "{11052F0D-E771-481B-B771-8D88C967489D}"
	ProjectSection(SolutionItems) = preProject
		AdventOfCode.Data\day07\input.txt = AdventOfCode.Data\day07\input.txt
		AdventOfCode.Data\day07\test.txt = AdventOfCode.Data\day07\test.txt
	EndProjectSection
EndProject
Project("{9A19103F-16F7-4668-BE54-9A1E7A4F7556}") = "AdventOfCode.Day07", "AdventOfCode.Day07\AdventOfCode.Day07.csproj", "{91E751AC-A4D1-4583-B5E9-01EAD7EC59F7}"
EndProject
Project("{9A19103F-16F7-4668-BE54-9A1E7A4F7556}") = "AdventOfCode.Day08", "AdventOfCode.Day08\AdventOfCode.Day08.csproj", "{0DBDFFD0-1A2F-4DA8-8B4A-874F6D4D637E}"
EndProject
Project("{2150E333-8FDC-42A3-9474-1A3956D46DE8}") = "Day08", "Day08", "{46FA41BD-FF22-4460-ADFC-057D0BC60E9A}"
	ProjectSection(SolutionItems) = preProject
		AdventOfCode.Data\day08\input.txt = AdventOfCode.Data\day08\input.txt
		AdventOfCode.Data\day08\test.txt = AdventOfCode.Data\day08\test.txt
	EndProjectSection
EndProject
Project("{2150E333-8FDC-42A3-9474-1A3956D46DE8}") = "Day09", "Day09", "{E4EA365D-B18D-4416-BAE5-CB03E4477783}"
	ProjectSection(SolutionItems) = preProject
		AdventOfCode.Data\day09\input.txt = AdventOfCode.Data\day09\input.txt
		AdventOfCode.Data\day09\test.txt = AdventOfCode.Data\day09\test.txt
	EndProjectSection
EndProject
Project("{FAE04EC0-301F-11D3-BF4B-00C04F79EFBC}") = "AdventOfCode.Day09", "AdventOfCode.Day09\AdventOfCode.Day09.csproj", "{B9A2113D-7D02-408E-9877-00DE2FA926B3}"
EndProject
Global
	GlobalSection(SolutionConfigurationPlatforms) = preSolution
		Debug|Any CPU = Debug|Any CPU
		Release|Any CPU = Release|Any CPU
	EndGlobalSection
	GlobalSection(ProjectConfigurationPlatforms) = postSolution
		{D2E77E3A-C764-4096-B276-B1C8626CB2AF}.Debug|Any CPU.ActiveCfg = Debug|Any CPU
		{D2E77E3A-C764-4096-B276-B1C8626CB2AF}.Debug|Any CPU.Build.0 = Debug|Any CPU
		{D2E77E3A-C764-4096-B276-B1C8626CB2AF}.Release|Any CPU.ActiveCfg = Release|Any CPU
		{D2E77E3A-C764-4096-B276-B1C8626CB2AF}.Release|Any CPU.Build.0 = Release|Any CPU
		{BE7A7238-7B09-4A9D-91BC-DD90046E6602}.Debug|Any CPU.ActiveCfg = Debug|Any CPU
		{BE7A7238-7B09-4A9D-91BC-DD90046E6602}.Debug|Any CPU.Build.0 = Debug|Any CPU
		{BE7A7238-7B09-4A9D-91BC-DD90046E6602}.Release|Any CPU.ActiveCfg = Release|Any CPU
		{BE7A7238-7B09-4A9D-91BC-DD90046E6602}.Release|Any CPU.Build.0 = Release|Any CPU
		{680EFB5F-C497-4B30-B1EA-3427C787E37C}.Debug|Any CPU.ActiveCfg = Debug|Any CPU
		{680EFB5F-C497-4B30-B1EA-3427C787E37C}.Debug|Any CPU.Build.0 = Debug|Any CPU
		{680EFB5F-C497-4B30-B1EA-3427C787E37C}.Release|Any CPU.ActiveCfg = Release|Any CPU
		{680EFB5F-C497-4B30-B1EA-3427C787E37C}.Release|Any CPU.Build.0 = Release|Any CPU
		{A3DDF89D-B951-4080-B2EF-E0AC20C9A0D4}.Debug|Any CPU.ActiveCfg = Debug|Any CPU
		{A3DDF89D-B951-4080-B2EF-E0AC20C9A0D4}.Debug|Any CPU.Build.0 = Debug|Any CPU
		{A3DDF89D-B951-4080-B2EF-E0AC20C9A0D4}.Release|Any CPU.ActiveCfg = Release|Any CPU
		{A3DDF89D-B951-4080-B2EF-E0AC20C9A0D4}.Release|Any CPU.Build.0 = Release|Any CPU
		{EE1C6A42-D46F-4B48-9BD5-A67FFAB3F1A7}.Debug|Any CPU.ActiveCfg = Debug|Any CPU
		{EE1C6A42-D46F-4B48-9BD5-A67FFAB3F1A7}.Debug|Any CPU.Build.0 = Debug|Any CPU
		{EE1C6A42-D46F-4B48-9BD5-A67FFAB3F1A7}.Release|Any CPU.ActiveCfg = Release|Any CPU
		{EE1C6A42-D46F-4B48-9BD5-A67FFAB3F1A7}.Release|Any CPU.Build.0 = Release|Any CPU
		{4A61BBA7-FD2B-4299-99FC-4FED331F2A41}.Debug|Any CPU.ActiveCfg = Debug|Any CPU
		{4A61BBA7-FD2B-4299-99FC-4FED331F2A41}.Debug|Any CPU.Build.0 = Debug|Any CPU
		{4A61BBA7-FD2B-4299-99FC-4FED331F2A41}.Release|Any CPU.ActiveCfg = Release|Any CPU
		{4A61BBA7-FD2B-4299-99FC-4FED331F2A41}.Release|Any CPU.Build.0 = Release|Any CPU
		{38670952-6F4E-4B9C-8213-51171DC947F0}.Debug|Any CPU.ActiveCfg = Debug|Any CPU
		{38670952-6F4E-4B9C-8213-51171DC947F0}.Debug|Any CPU.Build.0 = Debug|Any CPU
		{38670952-6F4E-4B9C-8213-51171DC947F0}.Release|Any CPU.ActiveCfg = Release|Any CPU
		{38670952-6F4E-4B9C-8213-51171DC947F0}.Release|Any CPU.Build.0 = Release|Any CPU
		{91E751AC-A4D1-4583-B5E9-01EAD7EC59F7}.Debug|Any CPU.ActiveCfg = Debug|Any CPU
		{91E751AC-A4D1-4583-B5E9-01EAD7EC59F7}.Debug|Any CPU.Build.0 = Debug|Any CPU
		{91E751AC-A4D1-4583-B5E9-01EAD7EC59F7}.Release|Any CPU.ActiveCfg = Release|Any CPU
		{91E751AC-A4D1-4583-B5E9-01EAD7EC59F7}.Release|Any CPU.Build.0 = Release|Any CPU
		{0DBDFFD0-1A2F-4DA8-8B4A-874F6D4D637E}.Debug|Any CPU.ActiveCfg = Debug|Any CPU
		{0DBDFFD0-1A2F-4DA8-8B4A-874F6D4D637E}.Debug|Any CPU.Build.0 = Debug|Any CPU
		{0DBDFFD0-1A2F-4DA8-8B4A-874F6D4D637E}.Release|Any CPU.ActiveCfg = Release|Any CPU
		{0DBDFFD0-1A2F-4DA8-8B4A-874F6D4D637E}.Release|Any CPU.Build.0 = Release|Any CPU
		{B9A2113D-7D02-408E-9877-00DE2FA926B3}.Debug|Any CPU.ActiveCfg = Debug|Any CPU
		{B9A2113D-7D02-408E-9877-00DE2FA926B3}.Debug|Any CPU.Build.0 = Debug|Any CPU
		{B9A2113D-7D02-408E-9877-00DE2FA926B3}.Release|Any CPU.ActiveCfg = Release|Any CPU
		{B9A2113D-7D02-408E-9877-00DE2FA926B3}.Release|Any CPU.Build.0 = Release|Any CPU
	EndGlobalSection
	GlobalSection(SolutionProperties) = preSolution
		HideSolutionNode = FALSE
	EndGlobalSection
	GlobalSection(NestedProjects) = preSolution
		{B639E4EA-5470-4CF7-B739-BE831DD92F6D} = {D44FBD1A-AB61-496B-8704-1C79B484B86C}
		{6607252A-90CC-4BAD-A1BD-C0B43D5CD0E1} = {D44FBD1A-AB61-496B-8704-1C79B484B86C}
		{2AFD8E39-418F-4930-ADFA-396CC02DD152} = {D44FBD1A-AB61-496B-8704-1C79B484B86C}
		{75063F2C-410E-45A8-9F9F-863DF7EB42FE} = {D44FBD1A-AB61-496B-8704-1C79B484B86C}
		{309FE90A-E3AC-455D-9FCC-744B9B35F8EE} = {D44FBD1A-AB61-496B-8704-1C79B484B86C}
		{3E877045-C755-4CA9-9ED2-A8378B60CA66} = {D44FBD1A-AB61-496B-8704-1C79B484B86C}
		{11052F0D-E771-481B-B771-8D88C967489D} = {D44FBD1A-AB61-496B-8704-1C79B484B86C}
		{46FA41BD-FF22-4460-ADFC-057D0BC60E9A} = {D44FBD1A-AB61-496B-8704-1C79B484B86C}
		{E4EA365D-B18D-4416-BAE5-CB03E4477783} = {D44FBD1A-AB61-496B-8704-1C79B484B86C}
	EndGlobalSection
	GlobalSection(ExtensibilityGlobals) = postSolution
		SolutionGuid = {88F6C8E2-2954-4A04-8107-8D0767A52397}
	EndGlobalSection
EndGlobal
